
Microsoft Visual Studio Solution File, Format Version 12.00
# Visual Studio Version 17
VisualStudioVersion = 17.3.32819.101
MinimumVisualStudioVersion = 10.0.40219.1
Project("{FAE04EC0-301F-11D3-BF4B-00C04F79EFBC}") = "String Builder", "String Builder\String Builder.csproj", "{243A562F-3B37-438A-B317-8E288F4A7AE2}"
EndProject
Global
	GlobalSection(SolutionConfigurationPlatforms) = preSolution
		Debug|Any CPU = Debug|Any CPU
		Release|Any CPU = Release|Any CPU
	EndGlobalSection
	GlobalSection(ProjectConfigurationPlatforms) = postSolution
		{243A562F-3B37-438A-B317-8E288F4A7AE2}.Debug|Any CPU.ActiveCfg = Debug|Any CPU
		{243A562F-3B37-438A-B317-8E288F4A7AE2}.Debug|Any CPU.Build.0 = Debug|Any CPU
		{243A562F-3B37-438A-B317-8E288F4A7AE2}.Release|Any CPU.ActiveCfg = Release|Any CPU
		{243A562F-3B37-438A-B317-8E288F4A7AE2}.Release|Any CPU.Build.0 = Release|Any CPU
	EndGlobalSection
	GlobalSection(SolutionProperties) = preSolution
		HideSolutionNode = FALSE
	EndGlobalSection
	GlobalSection(ExtensibilityGlobals) = postSolution
		SolutionGuid = {724B58F5-F1A7-4D23-8304-AD6F24D88C13}
	EndGlobalSection
EndGlobal
